
Microsoft Visual Studio Solution File, Format Version 12.00
# Visual Studio Version 17
VisualStudioVersion = 17.9.34723.18
MinimumVisualStudioVersion = 10.0.40219.1
Project("{FAE04EC0-301F-11D3-BF4B-00C04F79EFBC}") = "ForKatya", "ForKatya\ForKatya.csproj", "{0AE5ED10-8AEB-46C7-AEBD-5158346D697B}"
EndProject
Global
	GlobalSection(SolutionConfigurationPlatforms) = preSolution
		Debug|Any CPU = Debug|Any CPU
		Release|Any CPU = Release|Any CPU
	EndGlobalSection
	GlobalSection(ProjectConfigurationPlatforms) = postSolution
		{0AE5ED10-8AEB-46C7-AEBD-5158346D697B}.Debug|Any CPU.ActiveCfg = Debug|Any CPU
		{0AE5ED10-8AEB-46C7-AEBD-5158346D697B}.Debug|Any CPU.Build.0 = Debug|Any CPU
		{0AE5ED10-8AEB-46C7-AEBD-5158346D697B}.Release|Any CPU.ActiveCfg = Release|Any CPU
		{0AE5ED10-8AEB-46C7-AEBD-5158346D697B}.Release|Any CPU.Build.0 = Release|Any CPU
	EndGlobalSection
	GlobalSection(SolutionProperties) = preSolution
		HideSolutionNode = FALSE
	EndGlobalSection
	GlobalSection(ExtensibilityGlobals) = postSolution
		SolutionGuid = {9C7CF014-4796-4D0C-A114-F60D7D375C3C}
	EndGlobalSection
EndGlobal
